
Microsoft Visual Studio Solution File, Format Version 12.00
# Visual Studio Version 16
VisualStudioVersion = 16.0.31624.102
MinimumVisualStudioVersion = 10.0.40219.1
Project("{FAE04EC0-301F-11D3-BF4B-00C04F79EFBC}") = "WindowsBilar", "WindowsBilar\WindowsBilar.csproj", "{272797BA-1820-4B58-BE18-D3E5355FECE6}"
EndProject
Global
	GlobalSection(SolutionConfigurationPlatforms) = preSolution
		Debug|Any CPU = Debug|Any CPU
		Release|Any CPU = Release|Any CPU
	EndGlobalSection
	GlobalSection(ProjectConfigurationPlatforms) = postSolution
		{272797BA-1820-4B58-BE18-D3E5355FECE6}.Debug|Any CPU.ActiveCfg = Debug|Any CPU
		{272797BA-1820-4B58-BE18-D3E5355FECE6}.Debug|Any CPU.Build.0 = Debug|Any CPU
		{272797BA-1820-4B58-BE18-D3E5355FECE6}.Release|Any CPU.ActiveCfg = Release|Any CPU
		{272797BA-1820-4B58-BE18-D3E5355FECE6}.Release|Any CPU.Build.0 = Release|Any CPU
	EndGlobalSection
	GlobalSection(SolutionProperties) = preSolution
		HideSolutionNode = FALSE
	EndGlobalSection
	GlobalSection(ExtensibilityGlobals) = postSolution
		SolutionGuid = {A31CEE3F-794B-47C4-86CB-288AD0FA4E09}
	EndGlobalSection
EndGlobal
